
Microsoft Visual Studio Solution File, Format Version 12.00
# Visual Studio Version 17
VisualStudioVersion = 17.5.2.0
MinimumVisualStudioVersion = 10.0.40219.1
Project("{FAE04EC0-301F-11D3-BF4B-00C04F79EFBC}") = "mcp", "mcp.csproj", "{16680EBE-1724-D3C3-159E-F51B1714628F}"
EndProject
Global
	GlobalSection(SolutionConfigurationPlatforms) = preSolution
		Debug|Any CPU = Debug|Any CPU
		Debug|x64 = Debug|x64
		Debug|x86 = Debug|x86
		Release|Any CPU = Release|Any CPU
		Release|x64 = Release|x64
		Release|x86 = Release|x86
	EndGlobalSection
	GlobalSection(ProjectConfigurationPlatforms) = postSolution
		{16680EBE-1724-D3C3-159E-F51B1714628F}.Debug|Any CPU.ActiveCfg = Debug|Any CPU
		{16680EBE-1724-D3C3-159E-F51B1714628F}.Debug|Any CPU.Build.0 = Debug|Any CPU
		{16680EBE-1724-D3C3-159E-F51B1714628F}.Debug|x64.ActiveCfg = Debug|Any CPU
		{16680EBE-1724-D3C3-159E-F51B1714628F}.Debug|x64.Build.0 = Debug|Any CPU
		{16680EBE-1724-D3C3-159E-F51B1714628F}.Debug|x86.ActiveCfg = Debug|Any CPU
		{16680EBE-1724-D3C3-159E-F51B1714628F}.Debug|x86.Build.0 = Debug|Any CPU
		{16680EBE-1724-D3C3-159E-F51B1714628F}.Release|Any CPU.ActiveCfg = Release|Any CPU
		{16680EBE-1724-D3C3-159E-F51B1714628F}.Release|Any CPU.Build.0 = Release|Any CPU
		{16680EBE-1724-D3C3-159E-F51B1714628F}.Release|x64.ActiveCfg = Release|Any CPU
		{16680EBE-1724-D3C3-159E-F51B1714628F}.Release|x64.Build.0 = Release|Any CPU
		{16680EBE-1724-D3C3-159E-F51B1714628F}.Release|x86.ActiveCfg = Release|Any CPU
		{16680EBE-1724-D3C3-159E-F51B1714628F}.Release|x86.Build.0 = Release|Any CPU
	EndGlobalSection
	GlobalSection(SolutionProperties) = preSolution
		HideSolutionNode = FALSE
	EndGlobalSection
	GlobalSection(ExtensibilityGlobals) = postSolution
		SolutionGuid = {499C120A-1BB1-4D26-BF5B-81A28F257D34}
	EndGlobalSection
EndGlobal
